// !$*UTF8*$!
{
	archiveVersion = 1;
	classes = {
	};
	objectVersion = 46;
	objects = {

/* Begin PBXBuildFile section */
		99376A2F1E99EC9600456DF7 /* AppDelegate.swift in Sources */ = {isa = PBXBuildFile; fileRef = 99376A2E1E99EC9600456DF7 /* AppDelegate.swift */; };
		99376A311E99EC9600456DF7 /* ViewController.swift in Sources */ = {isa = PBXBuildFile; fileRef = 99376A301E99EC9600456DF7 /* ViewController.swift */; };
		99376A341E99EC9600456DF7 /* Main.storyboard in Resources */ = {isa = PBXBuildFile; fileRef = 99376A321E99EC9600456DF7 /* Main.storyboard */; };
		99376A361E99EC9600456DF7 /* Assets.xcassets in Resources */ = {isa = PBXBuildFile; fileRef = 99376A351E99EC9600456DF7 /* Assets.xcassets */; };
		99376A391E99EC9600456DF7 /* LaunchScreen.storyboard in Resources */ = {isa = PBXBuildFile; fileRef = 99376A371E99EC9600456DF7 /* LaunchScreen.storyboard */; };
/* End PBXBuildFile section */

/* Begin PBXFileReference section */
		99376A2B1E99EC9600456DF7 /* Fitclip.app */ = {isa = PBXFileReference; explicitFileType = wrapper.application; includeInIndex = 0; path = Fitclip.app; sourceTree = BUILT_PRODUCTS_DIR; };
		99376A2E1E99EC9600456DF7 /* AppDelegate.swift */ = {isa = PBXFileReference; lastKnownFileType = sourcecode.swift; path = AppDelegate.swift; sourceTree = "<group>"; };
		99376A301E99EC9600456DF7 /* ViewController.swift */ = {isa = PBXFileReference; lastKnownFileType = sourcecode.swift; path = ViewController.swift; sourceTree = "<group>"; };
		99376A331E99EC9600456DF7 /* Base */ = {isa = PBXFileReference; lastKnownFileType = file.storyboard; name = Base; path = Base.lproj/Main.storyboard; sourceTree = "<group>"; };
		99376A351E99EC9600456DF7 /* Assets.xcassets */ = {isa = PBXFileReference; lastKnownFileType = folder.assetcatalog; path = Assets.xcassets; sourceTree = "<group>"; };
		99376A381E99EC9600456DF7 /* Base */ = {isa = PBXFileReference; lastKnownFileType = file.storyboard; name = Base; path = Base.lproj/LaunchScreen.storyboard; sourceTree = "<group>"; };
		99376A3A1E99EC9600456DF7 /* Info.plist */ = {isa = PBXFileReference; lastKnownFileType = text.plist.xml; path = Info.plist; sourceTree = "<group>"; };
/* End PBXFileReference section */

/* Begin PBXFrameworksBuildPhase section */
		99376A281E99EC9400456DF7 /* Frameworks */ = {
			isa = PBXFrameworksBuildPhase;
			buildActionMask = 2147483647;
			files = (
			);
			runOnlyForDeploymentPostprocessing = 0;
		};
/* End PBXFrameworksBuildPhase section */

/* Begin PBXGroup section */
		99376A221E99EC9300456DF7 = {
			isa = PBXGroup;
			children = (
				99376A2D1E99EC9600456DF7 /* Fitclip */,
				99376A2C1E99EC9600456DF7 /* Products */,
			);
			sourceTree = "<group>";
		};
		99376A2C1E99EC9600456DF7 /* Products */ = {
			isa = PBXGroup;
			children = (
				99376A2B1E99EC9600456DF7 /* Fitclip.app */,
			);
			name = Products;
			sourceTree = "<group>";
		};
		99376A2D1E99EC9600456DF7 /* Fitclip */ = {
			isa = PBXGroup;
			children = (
				99376A2E1E99EC9600456DF7 /* AppDelegate.swift */,
				99376A301E99EC9600456DF7 /* ViewController.swift */,
				99376A321E99EC9600456DF7 /* Main.storyboard */,
				99376A351E99EC9600456DF7 /* Assets.xcassets */,
				99376A371E99EC9600456DF7 /* LaunchScreen.storyboard */,
				99376A3A1E99EC9600456DF7 /* Info.plist */,
			);
			path = Fitclip;
			sourceTree = "<group>";
		};
/* End PBXGroup section */

/* Begin PBXNativeTarget section */
		99376A2A1E99EC9400456DF7 /* Fitclip */ = {
			isa = PBXNativeTarget;
			buildConfigurationList = 99376A3D1E99EC9600456DF7 /* Build configuration list for PBXNativeTarget "Fitclip" */;
			buildPhases = (
				99376A271E99EC9400456DF7 /* Sources */,
				99376A281E99EC9400456DF7 /* Frameworks */,
				99376A291E99EC9400456DF7 /* Resources */,
			);
			buildRules = (
			);
			dependencies = (
			);
			name = Fitclip;
			productName = Fitclip;
			productReference = 99376A2B1E99EC9600456DF7 /* Fitclip.app */;
			productType = "com.apple.product-type.application";
		};
/* End PBXNativeTarget section */

/* Begin PBXProject section */
		99376A231E99EC9300456DF7 /* Project object */ = {
			isa = PBXProject;
			attributes = {
				LastSwiftUpdateCheck = 0820;
				LastUpgradeCheck = 0820;
				ORGANIZATIONNAME = "Sooji & Ulysses";
				TargetAttributes = {
					99376A2A1E99EC9400456DF7 = {
						CreatedOnToolsVersion = 8.2.1;
						ProvisioningStyle = Automatic;
					};
				};
			};
			buildConfigurationList = 99376A261E99EC9300456DF7 /* Build configuration list for PBXProject "Fitclip" */;
			compatibilityVersion = "Xcode 3.2";
			developmentRegion = English;
			hasScannedForEncodings = 0;
			knownRegions = (
				en,
				Base,
			);
			mainGroup = 99376A221E99EC9300456DF7;
			productRefGroup = 99376A2C1E99EC9600456DF7 /* Products */;
			projectDirPath = "";
			projectRoot = "";
			targets = (
				99376A2A1E99EC9400456DF7 /* Fitclip */,
			);
		};
/* End PBXProject section */

/* Begin PBXResourcesBuildPhase section */
		99376A291E99EC9400456DF7 /* Resources */ = {
			isa = PBXResourcesBuildPhase;
			buildActionMask = 2147483647;
			files = (
				99376A391E99EC9600456DF7 /* LaunchScreen.storyboard in Resources */,
				99376A361E99EC9600456DF7 /* Assets.xcassets in Resources */,
				99376A341E99EC9600456DF7 /* Main.storyboard in Resources */,
			);
			runOnlyForDeploymentPostprocessing = 0;
		};
/* End PBXResourcesBuildPhase section */

/* Begin PBXSourcesBuildPhase section */
		99376A271E99EC9400456DF7 /* Sources */ = {
			isa = PBXSourcesBuildPhase;
			buildActionMask = 2147483647;
			files = (
				99376A311E99EC9600456DF7 /* ViewController.swift in Sources */,
				99376A2F1E99EC9600456DF7 /* AppDelegate.swift in Sources */,
			);
			runOnlyForDeploymentPostprocessing = 0;
		};
/* End PBXSourcesBuildPhase section */

/* Begin PBXVariantGroup section */
		99376A321E99EC9600456DF7 /* Main.storyboard */ = {
			isa = PBXVariantGroup;
			children = (
				99376A331E99EC9600456DF7 /* Base */,
			);
			name = Main.storyboard;
			sourceTree = "<group>";
		};
		99376A371E99EC9600456DF7 /* LaunchScreen.storyboard */ = {
			isa = PBXVariantGroup;
			children = (
				99376A381E99EC9600456DF7 /* Base */,
			);
			name = LaunchScreen.storyboard;
			sourceTree = "<group>";
		};
/* End PBXVariantGroup section */

/* Begin XCBuildConfiguration section */
		99376A3B1E99EC9600456DF7 /* Debug */ = {
			isa = XCBuildConfiguration;
			buildSettings = {
				ALWAYS_SEARCH_USER_PATHS = NO;
				CLANG_ANALYZER_NONNULL = YES;
				CLANG_CXX_LANGUAGE_STANDARD = "gnu++0x";
				CLANG_CXX_LIBRARY = "libc++";
				CLANG_ENABLE_MODULES = YES;
				CLANG_ENABLE_OBJC_ARC = YES;
				CLANG_WARN_BOOL_CONVERSION = YES;
				CLANG_WARN_CONSTANT_CONVERSION = YES;
				CLANG_WARN_DIRECT_OBJC_ISA_USAGE = YES_ERROR;
				CLANG_WARN_DOCUMENTATION_COMMENTS = YES;
				CLANG_WARN_EMPTY_BODY = YES;
				CLANG_WARN_ENUM_CONVERSION = YES;
				CLANG_WARN_INFINITE_RECURSION = YES;
				CLANG_WARN_INT_CONVERSION = YES;
				CLANG_WARN_OBJC_ROOT_CLASS = YES_ERROR;
				CLANG_WARN_SUSPICIOUS_MOVE = YES;
				CLANG_WARN_UNREACHABLE_CODE = YES;
				CLANG_WARN__DUPLICATE_METHOD_MATCH = YES;
				"CODE_SIGN_IDENTITY[sdk=iphoneos*]" = "iPhone Developer";
				COPY_PHASE_STRIP = NO;
				DEBUG_INFORMATION_FORMAT = dwarf;
				ENABLE_STRICT_OBJC_MSGSEND = YES;
				ENABLE_TESTABILITY = YES;
				GCC_C_LANGUAGE_STANDARD = gnu99;
				GCC_DYNAMIC_NO_PIC = NO;
				GCC_NO_COMMON_BLOCKS = YES;
				GCC_OPTIMIZATION_LEVEL = 0;
				GCC_PREPROCESSOR_DEFINITIONS = (
					"DEBUG=1",
					"$(inherited)",
				);
				GCC_WARN_64_TO_32_BIT_CONVERSION = YES;
				GCC_WARN_ABOUT_RETURN_TYPE = YES_ERROR;
				GCC_WARN_UNDECLARED_SELECTOR = YES;
				GCC_WARN_UNINITIALIZED_AUTOS = YES_AGGRESSIVE;
				GCC_WARN_UNUSED_FUNCTION = YES;
				GCC_WARN_UNUSED_VARIABLE = YES;
				IPHONEOS_DEPLOYMENT_TARGET = 10.2;
				MTL_ENABLE_DEBUG_INFO = YES;
				ONLY_ACTIVE_ARCH = YES;
				SDKROOT = iphoneos;
				SWIFT_ACTIVE_COMPILATION_CONDITIONS = DEBUG;
				SWIFT_OPTIMIZATION_LEVEL = "-Onone";
				TARGETED_DEVICE_FAMILY = "1,2";
			};
			name = Debug;
		};
		99376A3C1E99EC9600456DF7 /* Release */ = {
			isa = XCBuildConfiguration;
			buildSettings = {
				ALWAYS_SEARCH_USER_PATHS = NO;
				CLANG_ANALYZER_NONNULL = YES;
				CLANG_CXX_LANGUAGE_STANDARD = "gnu++0x";
				CLANG_CXX_LIBRARY = "libc++";
				CLANG_ENABLE_MODULES = YES;
				CLANG_ENABLE_OBJC_ARC = YES;
				CLANG_WARN_BOOL_CONVERSION = YES;
				CLANG_WARN_CONSTANT_CONVERSION = YES;
				CLANG_WARN_DIRECT_OBJC_ISA_USAGE = YES_ERROR;
				CLANG_WARN_DOCUMENTATION_COMMENTS = YES;
				CLANG_WARN_EMPTY_BODY = YES;
				CLANG_WARN_ENUM_CONVERSION = YES;
				CLANG_WARN_INFINITE_RECURSION = YES;
				CLANG_WARN_INT_CONVERSION = YES;
				CLANG_WARN_OBJC_ROOT_CLASS = YES_ERROR;
				CLANG_WARN_SUSPICIOUS_MOVE = YES;
				CLANG_WARN_UNREACHABLE_CODE = YES;
				CLANG_WARN__DUPLICATE_METHOD_MATCH = YES;
				"CODE_SIGN_IDENTITY[sdk=iphoneos*]" = "iPhone Developer";
				COPY_PHASE_STRIP = NO;
				DEBUG_INFORMATION_FORMAT = "dwarf-with-dsym";
				ENABLE_NS_ASSERTIONS = NO;
				ENABLE_STRICT_OBJC_MSGSEND = YES;
				GCC_C_LANGUAGE_STANDARD = gnu99;
				GCC_NO_COMMON_BLOCKS = YES;
				GCC_WARN_64_TO_32_BIT_CONVERSION = YES;
				GCC_WARN_ABOUT_RETURN_TYPE = YES_ERROR;
				GCC_WARN_UNDECLARED_SELECTOR = YES;
				GCC_WARN_UNINITIALIZED_AUTOS = YES_AGGRESSIVE;
				GCC_WARN_UNUSED_FUNCTION = YES;
				GCC_WARN_UNUSED_VARIABLE = YES;
				IPHONEOS_DEPLOYMENT_TARGET = 10.2;
				MTL_ENABLE_DEBUG_INFO = NO;
				SDKROOT = iphoneos;
				SWIFT_OPTIMIZATION_LEVEL = "-Owholemodule";
				TARGETED_DEVICE_FAMILY = "1,2";
				VALIDATE_PRODUCT = YES;
			};
			name = Release;
		};
		99376A3E1E99EC9600456DF7 /* Debug */ = {
			isa = XCBuildConfiguration;
			buildSettings = {
				ASSETCATALOG_COMPILER_APPICON_NAME = AppIcon;
				INFOPLIST_FILE = Fitclip/Info.plist;
				LD_RUNPATH_SEARCH_PATHS = "$(inherited) @executable_path/Frameworks";
				PRODUCT_BUNDLE_IDENTIFIER = com.uvsk.Fitclip;
				PRODUCT_NAME = "$(TARGET_NAME)";
				SWIFT_VERSION = 3.0;
			};
			name = Debug;
		};
		99376A3F1E99EC9600456DF7 /* Release */ = {
			isa = XCBuildConfiguration;
			buildSettings = {
				ASSETCATALOG_COMPILER_APPICON_NAME = AppIcon;
				INFOPLIST_FILE = Fitclip/Info.plist;
				LD_RUNPATH_SEARCH_PATHS = "$(inherited) @executable_path/Frameworks";
				PRODUCT_BUNDLE_IDENTIFIER = com.uvsk.Fitclip;
				PRODUCT_NAME = "$(TARGET_NAME)";
				SWIFT_VERSION = 3.0;
			};
			name = Release;
		};
/* End XCBuildConfiguration section */

/* Begin XCConfigurationList section */
		99376A261E99EC9300456DF7 /* Build configuration list for PBXProject "Fitclip" */ = {
			isa = XCConfigurationList;
			buildConfigurations = (
				99376A3B1E99EC9600456DF7 /* Debug */,
				99376A3C1E99EC9600456DF7 /* Release */,
			);
			defaultConfigurationIsVisible = 0;
			defaultConfigurationName = Release;
		};
		99376A3D1E99EC9600456DF7 /* Build configuration list for PBXNativeTarget "Fitclip" */ = {
			isa = XCConfigurationList;
			buildConfigurations = (
				99376A3E1E99EC9600456DF7 /* Debug */,
				99376A3F1E99EC9600456DF7 /* Release */,
			);
			defaultConfigurationIsVisible = 0;
		};
/* End XCConfigurationList section */
	};
	rootObject = 99376A231E99EC9300456DF7 /* Project object */;
}
